
Microsoft Visual Studio Solution File, Format Version 12.00
# Visual Studio Version 16
VisualStudioVersion = 16.0.31624.102
MinimumVisualStudioVersion = 10.0.40219.1
Project("{FAE04EC0-301F-11D3-BF4B-00C04F79EFBC}") = "Capitulo10-12WPF", "Capitulo10-12WPF.csproj", "{0D3478DA-2571-47BD-B1F3-68B116F88A3B}"
EndProject
Global
	GlobalSection(SolutionConfigurationPlatforms) = preSolution
		Debug|Any CPU = Debug|Any CPU
		Release|Any CPU = Release|Any CPU
	EndGlobalSection
	GlobalSection(ProjectConfigurationPlatforms) = postSolution
		{0D3478DA-2571-47BD-B1F3-68B116F88A3B}.Debug|Any CPU.ActiveCfg = Debug|Any CPU
		{0D3478DA-2571-47BD-B1F3-68B116F88A3B}.Debug|Any CPU.Build.0 = Debug|Any CPU
		{0D3478DA-2571-47BD-B1F3-68B116F88A3B}.Release|Any CPU.ActiveCfg = Release|Any CPU
		{0D3478DA-2571-47BD-B1F3-68B116F88A3B}.Release|Any CPU.Build.0 = Release|Any CPU
	EndGlobalSection
	GlobalSection(SolutionProperties) = preSolution
		HideSolutionNode = FALSE
	EndGlobalSection
	GlobalSection(ExtensibilityGlobals) = postSolution
		SolutionGuid = {5814587F-5B46-4258-AC1B-1499E3DAFE9C}
	EndGlobalSection
EndGlobal
